
Microsoft Visual Studio Solution File, Format Version 12.00
# Visual Studio Version 17
VisualStudioVersion = 17.6.33723.286
MinimumVisualStudioVersion = 10.0.40219.1
Project("{FAE04EC0-301F-11D3-BF4B-00C04F79EFBC}") = "WpfApp1", "WpfApp1\WpfApp1.csproj", "{EB15F1C7-82C4-4C8B-9BCF-C50761612476}"
EndProject
Global
	GlobalSection(SolutionConfigurationPlatforms) = preSolution
		Debug|Any CPU = Debug|Any CPU
		Release|Any CPU = Release|Any CPU
	EndGlobalSection
	GlobalSection(ProjectConfigurationPlatforms) = postSolution
		{EB15F1C7-82C4-4C8B-9BCF-C50761612476}.Debug|Any CPU.ActiveCfg = Debug|Any CPU
		{EB15F1C7-82C4-4C8B-9BCF-C50761612476}.Debug|Any CPU.Build.0 = Debug|Any CPU
		{EB15F1C7-82C4-4C8B-9BCF-C50761612476}.Release|Any CPU.ActiveCfg = Release|Any CPU
		{EB15F1C7-82C4-4C8B-9BCF-C50761612476}.Release|Any CPU.Build.0 = Release|Any CPU
	EndGlobalSection
	GlobalSection(SolutionProperties) = preSolution
		HideSolutionNode = FALSE
	EndGlobalSection
	GlobalSection(ExtensibilityGlobals) = postSolution
		SolutionGuid = {922EF395-99B5-454B-836D-4E8194969E9A}
	EndGlobalSection
EndGlobal
